
Microsoft Visual Studio Solution File, Format Version 12.00
# Visual Studio Version 16
VisualStudioVersion = 16.0.29503.13
MinimumVisualStudioVersion = 10.0.40219.1
Project("{FAE04EC0-301F-11D3-BF4B-00C04F79EFBC}") = "inl2", "inl2\inl2.csproj", "{FF59E3AA-10D6-4F96-876B-781C1946EDB1}"
EndProject
Global
	GlobalSection(SolutionConfigurationPlatforms) = preSolution
		Debug|Any CPU = Debug|Any CPU
		Release|Any CPU = Release|Any CPU
	EndGlobalSection
	GlobalSection(ProjectConfigurationPlatforms) = postSolution
		{FF59E3AA-10D6-4F96-876B-781C1946EDB1}.Debug|Any CPU.ActiveCfg = Debug|Any CPU
		{FF59E3AA-10D6-4F96-876B-781C1946EDB1}.Debug|Any CPU.Build.0 = Debug|Any CPU
		{FF59E3AA-10D6-4F96-876B-781C1946EDB1}.Release|Any CPU.ActiveCfg = Release|Any CPU
		{FF59E3AA-10D6-4F96-876B-781C1946EDB1}.Release|Any CPU.Build.0 = Release|Any CPU
	EndGlobalSection
	GlobalSection(SolutionProperties) = preSolution
		HideSolutionNode = FALSE
	EndGlobalSection
	GlobalSection(ExtensibilityGlobals) = postSolution
		SolutionGuid = {9F93598B-7B71-4577-AA28-FCE1E7A5E728}
	EndGlobalSection
EndGlobal
